// !$*UTF8*$!
{
	archiveVersion = 1;
	classes = {
	};
	objectVersion = 46;
	objects = {

/* Begin PBXBuildFile section */
		CB74DBD117714B770018A0A1 /* AbstractActionSheetPicker.m in Sources */ = {isa = PBXBuildFile; fileRef = CB74DBC517714B770018A0A1 /* AbstractActionSheetPicker.m */; };
		CB74DBD217714B770018A0A1 /* ActionSheetCustomPicker.m in Sources */ = {isa = PBXBuildFile; fileRef = CB74DBC717714B770018A0A1 /* ActionSheetCustomPicker.m */; };
		CB74DBD317714B770018A0A1 /* ActionSheetDatePicker.m in Sources */ = {isa = PBXBuildFile; fileRef = CB74DBCA17714B770018A0A1 /* ActionSheetDatePicker.m */; };
		CB74DBD417714B770018A0A1 /* ActionSheetDistancePicker.m in Sources */ = {isa = PBXBuildFile; fileRef = CB74DBCC17714B770018A0A1 /* ActionSheetDistancePicker.m */; };
		CB74DBD517714B770018A0A1 /* ActionSheetStringPicker.m in Sources */ = {isa = PBXBuildFile; fileRef = CB74DBCE17714B770018A0A1 /* ActionSheetStringPicker.m */; };
		CB74DBD617714B770018A0A1 /* DistancePickerView.m in Sources */ = {isa = PBXBuildFile; fileRef = CB74DBD017714B770018A0A1 /* DistancePickerView.m */; };
		CB7ADA97176F81FB00B0178C /* MealSelectionViewController.m in Sources */ = {isa = PBXBuildFile; fileRef = CB7ADA96176F81FB00B0178C /* MealSelectionViewController.m */; };
		CB7BFFE9176BACB40092F645 /* FSClient.m in Sources */ = {isa = PBXBuildFile; fileRef = CB7BFFDC176BACB40092F645 /* FSClient.m */; };
		CB7BFFEA176BACB40092F645 /* FSFood.m in Sources */ = {isa = PBXBuildFile; fileRef = CB7BFFDE176BACB40092F645 /* FSFood.m */; };
		CB7BFFEB176BACB40092F645 /* FSServing.m in Sources */ = {isa = PBXBuildFile; fileRef = CB7BFFE0176BACB40092F645 /* FSServing.m */; };
		CB7BFFEC176BACB40092F645 /* NSData+Base64.m in Sources */ = {isa = PBXBuildFile; fileRef = CB7BFFE2176BACB40092F645 /* NSData+Base64.m */; };
		CB7BFFED176BACB40092F645 /* NSString+Camelize.m in Sources */ = {isa = PBXBuildFile; fileRef = CB7BFFE4176BACB40092F645 /* NSString+Camelize.m */; };
		CB7BFFEE176BACB40092F645 /* OAuth+Additions.m in Sources */ = {isa = PBXBuildFile; fileRef = CB7BFFE6176BACB40092F645 /* OAuth+Additions.m */; };
		CB7BFFEF176BACB40092F645 /* OAuthCore.m in Sources */ = {isa = PBXBuildFile; fileRef = CB7BFFE8176BACB40092F645 /* OAuthCore.m */; };
		CB7BFFF5176BAD0E0092F645 /* SVHTTPClient.m in Sources */ = {isa = PBXBuildFile; fileRef = CB7BFFF2176BAD0E0092F645 /* SVHTTPClient.m */; };
		CB7BFFF6176BAD0E0092F645 /* SVHTTPRequest.m in Sources */ = {isa = PBXBuildFile; fileRef = CB7BFFF4176BAD0E0092F645 /* SVHTTPRequest.m */; };
		CB7BFFF8176C13210092F645 /* QuartzCore.framework in Frameworks */ = {isa = PBXBuildFile; fileRef = CB7BFFF7176C13210092F645 /* QuartzCore.framework */; };
		CB7EBBBB1778CE2B0022F1EE /* parchmentTexture.jpg in Resources */ = {isa = PBXBuildFile; fileRef = CB7EBBBA1778CE2B0022F1EE /* parchmentTexture.jpg */; };
		CB7EBBBD1778E8D50022F1EE /* leftArrow.png in Resources */ = {isa = PBXBuildFile; fileRef = CB7EBBBC1778E8D50022F1EE /* leftArrow.png */; };
		CB83D57A178B763B000A3FFA /* ProfileWeightCell.m in Sources */ = {isa = PBXBuildFile; fileRef = CB83D579178B763B000A3FFA /* ProfileWeightCell.m */; };
		CB84002717737BB400798344 /* MyServing.m in Sources */ = {isa = PBXBuildFile; fileRef = CB84002617737BB400798344 /* MyServing.m */; };
		CB84002A17737BB400798344 /* MyMeal.m in Sources */ = {isa = PBXBuildFile; fileRef = CB84002917737BB400798344 /* MyMeal.m */; };
		CB84002E1773B2AF00798344 /* MyFood.m in Sources */ = {isa = PBXBuildFile; fileRef = CB84002D1773B2AE00798344 /* MyFood.m */; };
		CB9D0E53177DF35400152108 /* ProfileViewController.m in Sources */ = {isa = PBXBuildFile; fileRef = CB9D0E52177DF35400152108 /* ProfileViewController.m */; };
		CB9D0E56177DF45300152108 /* ProfileNameCell.m in Sources */ = {isa = PBXBuildFile; fileRef = CB9D0E55177DF45300152108 /* ProfileNameCell.m */; };
		CB9D0E59177E0B7600152108 /* NonEditableNameCell.m in Sources */ = {isa = PBXBuildFile; fileRef = CB9D0E58177E0B7600152108 /* NonEditableNameCell.m */; };
		CB9D0E5C177E100800152108 /* ProfileAgeCell.m in Sources */ = {isa = PBXBuildFile; fileRef = CB9D0E5B177E100800152108 /* ProfileAgeCell.m */; };
		CB9D0E5F177E16EC00152108 /* NonEditableAgeCell.m in Sources */ = {isa = PBXBuildFile; fileRef = CB9D0E5E177E16EC00152108 /* NonEditableAgeCell.m */; };
		CBBE6BCB176967C6005C8CD7 /* EventKit.framework in Frameworks */ = {isa = PBXBuildFile; fileRef = CBBE6BC9176967C6005C8CD7 /* EventKit.framework */; };
		CBBE6BCC176967C6005C8CD7 /* EventKitUI.framework in Frameworks */ = {isa = PBXBuildFile; fileRef = CBBE6BCA176967C6005C8CD7 /* EventKitUI.framework */; };
		CBBE6BD117696964005C8CD7 /* RecipeTableViewController.m in Sources */ = {isa = PBXBuildFile; fileRef = CBBE6BD017696964005C8CD7 /* RecipeTableViewController.m */; };
		CBBE6BD417696977005C8CD7 /* NewRecipeViewController.m in Sources */ = {isa = PBXBuildFile; fileRef = CBBE6BD317696977005C8CD7 /* NewRecipeViewController.m */; };
		CBD6DB41178252690028C768 /* ProfileHeightCell.m in Sources */ = {isa = PBXBuildFile; fileRef = CBD6DB40178252690028C768 /* ProfileHeightCell.m */; };
		CBD6DB45178358100028C768 /* UnitSelectionViewController.m in Sources */ = {isa = PBXBuildFile; fileRef = CBD6DB44178358100028C768 /* UnitSelectionViewController.m */; };
		CBDD319F1768D39500E3F641 /* UIKit.framework in Frameworks */ = {isa = PBXBuildFile; fileRef = CBDD319E1768D39500E3F641 /* UIKit.framework */; };
		CBDD31A11768D39500E3F641 /* Foundation.framework in Frameworks */ = {isa = PBXBuildFile; fileRef = CBDD31A01768D39500E3F641 /* Foundation.framework */; };
		CBDD31A31768D39500E3F641 /* CoreGraphics.framework in Frameworks */ = {isa = PBXBuildFile; fileRef = CBDD31A21768D39500E3F641 /* CoreGraphics.framework */; };
		CBDD31A51768D39500E3F641 /* CoreData.framework in Frameworks */ = {isa = PBXBuildFile; fileRef = CBDD31A41768D39500E3F641 /* CoreData.framework */; };
		CBDD31AB1768D39500E3F641 /* InfoPlist.strings in Resources */ = {isa = PBXBuildFile; fileRef = CBDD31A91768D39500E3F641 /* InfoPlist.strings */; };
		CBDD31AD1768D39500E3F641 /* main.m in Sources */ = {isa = PBXBuildFile; fileRef = CBDD31AC1768D39500E3F641 /* main.m */; };
		CBDD31B11768D39500E3F641 /* FDAppDelegate.m in Sources */ = {isa = PBXBuildFile; fileRef = CBDD31B01768D39500E3F641 /* FDAppDelegate.m */; };
		CBDD31BA1768D39500E3F641 /* FoodDiary.xcdatamodeld in Sources */ = {isa = PBXBuildFile; fileRef = CBDD31B81768D39500E3F641 /* FoodDiary.xcdatamodeld */; };
		CBDD31C11768D3E200E3F641 /* FDiPhone.storyboard in Resources */ = {isa = PBXBuildFile; fileRef = CBDD31C01768D3E200E3F641 /* FDiPhone.storyboard */; };
		CBDD31CC1768E58100E3F641 /* FoodDiaryViewController.m in Sources */ = {isa = PBXBuildFile; fileRef = CBDD31CB1768E58100E3F641 /* FoodDiaryViewController.m */; };
		CBDD31E417691EB600E3F641 /* FoodDiaryTabIcon.png in Resources */ = {isa = PBXBuildFile; fileRef = CBDD31E217691EB600E3F641 /* FoodDiaryTabIcon.png */; };
		CBDD31E517691EB600E3F641 /* FoodDiaryTabIcon@2x.png in Resources */ = {isa = PBXBuildFile; fileRef = CBDD31E317691EB600E3F641 /* FoodDiaryTabIcon@2x.png */; };
		CBDD31E717691F5900E3F641 /* iosBackground.jpg in Resources */ = {isa = PBXBuildFile; fileRef = CBDD31E617691F5900E3F641 /* iosBackground.jpg */; };
		CBDD31EA1769227700E3F641 /* RecipesTabIcon.png in Resources */ = {isa = PBXBuildFile; fileRef = CBDD31E81769227700E3F641 /* RecipesTabIcon.png */; };
		CBDD31EB1769227700E3F641 /* RecipesTabIcon@2x.png in Resources */ = {isa = PBXBuildFile; fileRef = CBDD31E91769227700E3F641 /* RecipesTabIcon@2x.png */; };
		CBDD31ED176924BE00E3F641 /* ShoppingListTabIcon.png in Resources */ = {isa = PBXBuildFile; fileRef = CBDD31EC176924BE00E3F641 /* ShoppingListTabIcon.png */; };
		CBDD31EF1769252C00E3F641 /* ShoppingListTabIcon@2x.png in Resources */ = {isa = PBXBuildFile; fileRef = CBDD31EE1769252C00E3F641 /* ShoppingListTabIcon@2x.png */; };
		CBDD31F21769291A00E3F641 /* ProfileTabIcon.png in Resources */ = {isa = PBXBuildFile; fileRef = CBDD31F01769291A00E3F641 /* ProfileTabIcon.png */; };
		CBDD31F31769291A00E3F641 /* ProfileTabIcon@2x.png in Resources */ = {isa = PBXBuildFile; fileRef = CBDD31F11769291A00E3F641 /* ProfileTabIcon@2x.png */; };
		CBDD31FA17692B5200E3F641 /* SettingsTabIcon.png in Resources */ = {isa = PBXBuildFile; fileRef = CBDD31F817692B5200E3F641 /* SettingsTabIcon.png */; };
		CBDD31FB17692B5200E3F641 /* SettingsTabIcon@2x.png in Resources */ = {isa = PBXBuildFile; fileRef = CBDD31F917692B5200E3F641 /* SettingsTabIcon@2x.png */; };
		CBDD31FD17692D4500E3F641 /* iPhoneIcon_Small.png in Resources */ = {isa = PBXBuildFile; fileRef = CBDD31FC17692D4500E3F641 /* iPhoneIcon_Small.png */; };
		CBDD31FF17692D7500E3F641 /* iPhoneIcon_Big.png in Resources */ = {isa = PBXBuildFile; fileRef = CBDD31FE17692D7500E3F641 /* iPhoneIcon_Big.png */; };
		CBDD320217692FD500E3F641 /* ShoppingListsViewController.m in Sources */ = {isa = PBXBuildFile; fileRef = CBDD320117692FD500E3F641 /* ShoppingListsViewController.m */; };
		CBDD32051769300000E3F641 /* NewShoppingListViewController.m in Sources */ = {isa = PBXBuildFile; fileRef = CBDD32041769300000E3F641 /* NewShoppingListViewController.m */; };
		CBDD400F176CD4FE00444E51 /* AddFoodViewController.m in Sources */ = {isa = PBXBuildFile; fileRef = CBDD400E176CD4FE00444E51 /* AddFoodViewController.m */; };
		CBDD4015176CE1C700444E51 /* DetailFoodBeforeSelectionViewController.m in Sources */ = {isa = PBXBuildFile; fileRef = CBDD4014176CE1C700444E51 /* DetailFoodBeforeSelectionViewController.m */; };
/* End PBXBuildFile section */

/* Begin PBXFileReference section */
		CB74DBC417714B770018A0A1 /* AbstractActionSheetPicker.h */ = {isa = PBXFileReference; fileEncoding = 4; lastKnownFileType = sourcecode.c.h; path = AbstractActionSheetPicker.h; sourceTree = "<group>"; };
		CB74DBC517714B770018A0A1 /* AbstractActionSheetPicker.m */ = {isa = PBXFileReference; fileEncoding = 4; lastKnownFileType = sourcecode.c.objc; path = AbstractActionSheetPicker.m; sourceTree = "<group>"; };
		CB74DBC617714B770018A0A1 /* ActionSheetCustomPicker.h */ = {isa = PBXFileReference; fileEncoding = 4; lastKnownFileType = sourcecode.c.h; path = ActionSheetCustomPicker.h; sourceTree = "<group>"; };
		CB74DBC717714B770018A0A1 /* ActionSheetCustomPicker.m */ = {isa = PBXFileReference; fileEncoding = 4; lastKnownFileType = sourcecode.c.objc; path = ActionSheetCustomPicker.m; sourceTree = "<group>"; };
		CB74DBC817714B770018A0A1 /* ActionSheetCustomPickerDelegate.h */ = {isa = PBXFileReference; fileEncoding = 4; lastKnownFileType = sourcecode.c.h; path = ActionSheetCustomPickerDelegate.h; sourceTree = "<group>"; };
		CB74DBC917714B770018A0A1 /* ActionSheetDatePicker.h */ = {isa = PBXFileReference; fileEncoding = 4; lastKnownFileType = sourcecode.c.h; path = ActionSheetDatePicker.h; sourceTree = "<group>"; };
		CB74DBCA17714B770018A0A1 /* ActionSheetDatePicker.m */ = {isa = PBXFileReference; fileEncoding = 4; lastKnownFileType = sourcecode.c.objc; path = ActionSheetDatePicker.m; sourceTree = "<group>"; };
		CB74DBCB17714B770018A0A1 /* ActionSheetDistancePicker.h */ = {isa = PBXFileReference; fileEncoding = 4; lastKnownFileType = sourcecode.c.h; path = ActionSheetDistancePicker.h; sourceTree = "<group>"; };
		CB74DBCC17714B770018A0A1 /* ActionSheetDistancePicker.m */ = {isa = PBXFileReference; fileEncoding = 4; lastKnownFileType = sourcecode.c.objc; path = ActionSheetDistancePicker.m; sourceTree = "<group>"; };
		CB74DBCD17714B770018A0A1 /* ActionSheetStringPicker.h */ = {isa = PBXFileReference; fileEncoding = 4; lastKnownFileType = sourcecode.c.h; path = ActionSheetStringPicker.h; sourceTree = "<group>"; };
		CB74DBCE17714B770018A0A1 /* ActionSheetStringPicker.m */ = {isa = PBXFileReference; fileEncoding = 4; lastKnownFileType = sourcecode.c.objc; path = ActionSheetStringPicker.m; sourceTree = "<group>"; };
		CB74DBCF17714B770018A0A1 /* DistancePickerView.h */ = {isa = PBXFileReference; fileEncoding = 4; lastKnownFileType = sourcecode.c.h; path = DistancePickerView.h; sourceTree = "<group>"; };
		CB74DBD017714B770018A0A1 /* DistancePickerView.m */ = {isa = PBXFileReference; fileEncoding = 4; lastKnownFileType = sourcecode.c.objc; path = DistancePickerView.m; sourceTree = "<group>"; };
		CB74DBD717714B800018A0A1 /* ActionSheetPicker.h */ = {isa = PBXFileReference; fileEncoding = 4; lastKnownFileType = sourcecode.c.h; path = ActionSheetPicker.h; sourceTree = "<group>"; };
		CB7ADA95176F81FB00B0178C /* MealSelectionViewController.h */ = {isa = PBXFileReference; fileEncoding = 4; lastKnownFileType = sourcecode.c.h; path = MealSelectionViewController.h; sourceTree = "<group>"; };
		CB7ADA96176F81FB00B0178C /* MealSelectionViewController.m */ = {isa = PBXFileReference; fileEncoding = 4; lastKnownFileType = sourcecode.c.objc; path = MealSelectionViewController.m; sourceTree = "<group>"; };
		CB7BFFDB176BACB40092F645 /* FSClient.h */ = {isa = PBXFileReference; fileEncoding = 4; lastKnownFileType = sourcecode.c.h; path = FSClient.h; sourceTree = "<group>"; };
		CB7BFFDC176BACB40092F645 /* FSClient.m */ = {isa = PBXFileReference; fileEncoding = 4; lastKnownFileType = sourcecode.c.objc; path = FSClient.m; sourceTree = "<group>"; };
		CB7BFFDD176BACB40092F645 /* FSFood.h */ = {isa = PBXFileReference; fileEncoding = 4; lastKnownFileType = sourcecode.c.h; path = FSFood.h; sourceTree = "<group>"; };
		CB7BFFDE176BACB40092F645 /* FSFood.m */ = {isa = PBXFileReference; fileEncoding = 4; lastKnownFileType = sourcecode.c.objc; path = FSFood.m; sourceTree = "<group>"; };
		CB7BFFDF176BACB40092F645 /* FSServing.h */ = {isa = PBXFileReference; fileEncoding = 4; lastKnownFileType = sourcecode.c.h; path = FSServing.h; sourceTree = "<group>"; };
		CB7BFFE0176BACB40092F645 /* FSServing.m */ = {isa = PBXFileReference; fileEncoding = 4; lastKnownFileType = sourcecode.c.objc; path = FSServing.m; sourceTree = "<group>"; };
		CB7BFFE1176BACB40092F645 /* NSData+Base64.h */ = {isa = PBXFileReference; fileEncoding = 4; lastKnownFileType = sourcecode.c.h; path = "NSData+Base64.h"; sourceTree = "<group>"; };
		CB7BFFE2176BACB40092F645 /* NSData+Base64.m */ = {isa = PBXFileReference; fileEncoding = 4; lastKnownFileType = sourcecode.c.objc; path = "NSData+Base64.m"; sourceTree = "<group>"; };
		CB7BFFE3176BACB40092F645 /* NSString+Camelize.h */ = {isa = PBXFileReference; fileEncoding = 4; lastKnownFileType = sourcecode.c.h; path = "NSString+Camelize.h"; sourceTree = "<group>"; };
		CB7BFFE4176BACB40092F645 /* NSString+Camelize.m */ = {isa = PBXFileReference; fileEncoding = 4; lastKnownFileType = sourcecode.c.objc; path = "NSString+Camelize.m"; sourceTree = "<group>"; };
		CB7BFFE5176BACB40092F645 /* OAuth+Additions.h */ = {isa = PBXFileReference; fileEncoding = 4; lastKnownFileType = sourcecode.c.h; path = "OAuth+Additions.h"; sourceTree = "<group>"; };
		CB7BFFE6176BACB40092F645 /* OAuth+Additions.m */ = {isa = PBXFileReference; fileEncoding = 4; lastKnownFileType = sourcecode.c.objc; path = "OAuth+Additions.m"; sourceTree = "<group>"; };
		CB7BFFE7176BACB40092F645 /* OAuthCore.h */ = {isa = PBXFileReference; fileEncoding = 4; lastKnownFileType = sourcecode.c.h; path = OAuthCore.h; sourceTree = "<group>"; };
		CB7BFFE8176BACB40092F645 /* OAuthCore.m */ = {isa = PBXFileReference; fileEncoding = 4; lastKnownFileType = sourcecode.c.objc; path = OAuthCore.m; sourceTree = "<group>"; };
		CB7BFFF1176BAD0E0092F645 /* SVHTTPClient.h */ = {isa = PBXFileReference; fileEncoding = 4; lastKnownFileType = sourcecode.c.h; path = SVHTTPClient.h; sourceTree = "<group>"; };
		CB7BFFF2176BAD0E0092F645 /* SVHTTPClient.m */ = {isa = PBXFileReference; fileEncoding = 4; lastKnownFileType = sourcecode.c.objc; path = SVHTTPClient.m; sourceTree = "<group>"; };
		CB7BFFF3176BAD0E0092F645 /* SVHTTPRequest.h */ = {isa = PBXFileReference; fileEncoding = 4; lastKnownFileType = sourcecode.c.h; path = SVHTTPRequest.h; sourceTree = "<group>"; };
		CB7BFFF4176BAD0E0092F645 /* SVHTTPRequest.m */ = {isa = PBXFileReference; fileEncoding = 4; lastKnownFileType = sourcecode.c.objc; path = SVHTTPRequest.m; sourceTree = "<group>"; };
		CB7BFFF7176C13210092F645 /* QuartzCore.framework */ = {isa = PBXFileReference; lastKnownFileType = wrapper.framework; name = QuartzCore.framework; path = System/Library/Frameworks/QuartzCore.framework; sourceTree = SDKROOT; };
		CB7EBBBA1778CE2B0022F1EE /* parchmentTexture.jpg */ = {isa = PBXFileReference; lastKnownFileType = image.jpeg; path = parchmentTexture.jpg; sourceTree = "<group>"; };
		CB7EBBBC1778E8D50022F1EE /* leftArrow.png */ = {isa = PBXFileReference; lastKnownFileType = image.png; path = leftArrow.png; sourceTree = "<group>"; };
		CB83D578178B763B000A3FFA /* ProfileWeightCell.h */ = {isa = PBXFileReference; fileEncoding = 4; lastKnownFileType = sourcecode.c.h; path = ProfileWeightCell.h; sourceTree = "<group>"; };
		CB83D579178B763B000A3FFA /* ProfileWeightCell.m */ = {isa = PBXFileReference; fileEncoding = 4; lastKnownFileType = sourcecode.c.objc; path = ProfileWeightCell.m; sourceTree = "<group>"; };
		CB84002517737BB400798344 /* MyServing.h */ = {isa = PBXFileReference; fileEncoding = 4; lastKnownFileType = sourcecode.c.h; name = MyServing.h; path = ../MyServing.h; sourceTree = "<group>"; };
		CB84002617737BB400798344 /* MyServing.m */ = {isa = PBXFileReference; fileEncoding = 4; lastKnownFileType = sourcecode.c.objc; name = MyServing.m; path = ../MyServing.m; sourceTree = "<group>"; };
		CB84002817737BB400798344 /* MyMeal.h */ = {isa = PBXFileReference; fileEncoding = 4; lastKnownFileType = sourcecode.c.h; name = MyMeal.h; path = ../MyMeal.h; sourceTree = "<group>"; };
		CB84002917737BB400798344 /* MyMeal.m */ = {isa = PBXFileReference; fileEncoding = 4; lastKnownFileType = sourcecode.c.objc; name = MyMeal.m; path = ../MyMeal.m; sourceTree = "<group>"; };
		CB84002C1773B2AD00798344 /* MyFood.h */ = {isa = PBXFileReference; fileEncoding = 4; lastKnownFileType = sourcecode.c.h; path = MyFood.h; sourceTree = "<group>"; };
		CB84002D1773B2AE00798344 /* MyFood.m */ = {isa = PBXFileReference; fileEncoding = 4; lastKnownFileType = sourcecode.c.objc; path = MyFood.m; sourceTree = "<group>"; };
		CB9D0E51177DF35400152108 /* ProfileViewController.h */ = {isa = PBXFileReference; fileEncoding = 4; lastKnownFileType = sourcecode.c.h; path = ProfileViewController.h; sourceTree = "<group>"; };
		CB9D0E52177DF35400152108 /* ProfileViewController.m */ = {isa = PBXFileReference; fileEncoding = 4; lastKnownFileType = sourcecode.c.objc; path = ProfileViewController.m; sourceTree = "<group>"; };
		CB9D0E54177DF45300152108 /* ProfileNameCell.h */ = {isa = PBXFileReference; fileEncoding = 4; lastKnownFileType = sourcecode.c.h; path = ProfileNameCell.h; sourceTree = "<group>"; };
		CB9D0E55177DF45300152108 /* ProfileNameCell.m */ = {isa = PBXFileReference; fileEncoding = 4; lastKnownFileType = sourcecode.c.objc; path = ProfileNameCell.m; sourceTree = "<group>"; };
		CB9D0E57177E0B7600152108 /* NonEditableNameCell.h */ = {isa = PBXFileReference; fileEncoding = 4; lastKnownFileType = sourcecode.c.h; path = NonEditableNameCell.h; sourceTree = "<group>"; };
		CB9D0E58177E0B7600152108 /* NonEditableNameCell.m */ = {isa = PBXFileReference; fileEncoding = 4; lastKnownFileType = sourcecode.c.objc; path = NonEditableNameCell.m; sourceTree = "<group>"; };
		CB9D0E5A177E100800152108 /* ProfileAgeCell.h */ = {isa = PBXFileReference; fileEncoding = 4; lastKnownFileType = sourcecode.c.h; path = ProfileAgeCell.h; sourceTree = "<group>"; };
		CB9D0E5B177E100800152108 /* ProfileAgeCell.m */ = {isa = PBXFileReference; fileEncoding = 4; lastKnownFileType = sourcecode.c.objc; path = ProfileAgeCell.m; sourceTree = "<group>"; };
		CB9D0E5D177E16EC00152108 /* NonEditableAgeCell.h */ = {isa = PBXFileReference; fileEncoding = 4; lastKnownFileType = sourcecode.c.h; path = NonEditableAgeCell.h; sourceTree = "<group>"; };
		CB9D0E5E177E16EC00152108 /* NonEditableAgeCell.m */ = {isa = PBXFileReference; fileEncoding = 4; lastKnownFileType = sourcecode.c.objc; path = NonEditableAgeCell.m; sourceTree = "<group>"; };
		CBBE6BC9176967C6005C8CD7 /* EventKit.framework */ = {isa = PBXFileReference; lastKnownFileType = wrapper.framework; name = EventKit.framework; path = System/Library/Frameworks/EventKit.framework; sourceTree = SDKROOT; };
		CBBE6BCA176967C6005C8CD7 /* EventKitUI.framework */ = {isa = PBXFileReference; lastKnownFileType = wrapper.framework; name = EventKitUI.framework; path = System/Library/Frameworks/EventKitUI.framework; sourceTree = SDKROOT; };
		CBBE6BCF17696964005C8CD7 /* RecipeTableViewController.h */ = {isa = PBXFileReference; fileEncoding = 4; lastKnownFileType = sourcecode.c.h; name = RecipeTableViewController.h; path = ../RecipeTableViewController.h; sourceTree = "<group>"; };
		CBBE6BD017696964005C8CD7 /* RecipeTableViewController.m */ = {isa = PBXFileReference; fileEncoding = 4; lastKnownFileType = sourcecode.c.objc; name = RecipeTableViewController.m; path = ../RecipeTableViewController.m; sourceTree = "<group>"; };
		CBBE6BD217696977005C8CD7 /* NewRecipeViewController.h */ = {isa = PBXFileReference; fileEncoding = 4; lastKnownFileType = sourcecode.c.h; name = NewRecipeViewController.h; path = ../NewRecipeViewController.h; sourceTree = "<group>"; };
		CBBE6BD317696977005C8CD7 /* NewRecipeViewController.m */ = {isa = PBXFileReference; fileEncoding = 4; lastKnownFileType = sourcecode.c.objc; name = NewRecipeViewController.m; path = ../NewRecipeViewController.m; sourceTree = "<group>"; };
		CBD6DB3F178252690028C768 /* ProfileHeightCell.h */ = {isa = PBXFileReference; fileEncoding = 4; lastKnownFileType = sourcecode.c.h; path = ProfileHeightCell.h; sourceTree = "<group>"; };
		CBD6DB40178252690028C768 /* ProfileHeightCell.m */ = {isa = PBXFileReference; fileEncoding = 4; lastKnownFileType = sourcecode.c.objc; path = ProfileHeightCell.m; sourceTree = "<group>"; };
		CBD6DB43178358100028C768 /* UnitSelectionViewController.h */ = {isa = PBXFileReference; fileEncoding = 4; lastKnownFileType = sourcecode.c.h; path = UnitSelectionViewController.h; sourceTree = "<group>"; };
		CBD6DB44178358100028C768 /* UnitSelectionViewController.m */ = {isa = PBXFileReference; fileEncoding = 4; lastKnownFileType = sourcecode.c.objc; path = UnitSelectionViewController.m; sourceTree = "<group>"; };
		CBDD319B1768D39500E3F641 /* FoodDiary.app */ = {isa = PBXFileReference; explicitFileType = wrapper.application; includeInIndex = 0; path = FoodDiary.app; sourceTree = BUILT_PRODUCTS_DIR; };
		CBDD319E1768D39500E3F641 /* UIKit.framework */ = {isa = PBXFileReference; lastKnownFileType = wrapper.framework; name = UIKit.framework; path = System/Library/Frameworks/UIKit.framework; sourceTree = SDKROOT; };
		CBDD31A01768D39500E3F641 /* Foundation.framework */ = {isa = PBXFileReference; lastKnownFileType = wrapper.framework; name = Foundation.framework; path = System/Library/Frameworks/Foundation.framework; sourceTree = SDKROOT; };
		CBDD31A21768D39500E3F641 /* CoreGraphics.framework */ = {isa = PBXFileReference; lastKnownFileType = wrapper.framework; name = CoreGraphics.framework; path = System/Library/Frameworks/CoreGraphics.framework; sourceTree = SDKROOT; };
		CBDD31A41768D39500E3F641 /* CoreData.framework */ = {isa = PBXFileReference; lastKnownFileType = wrapper.framework; name = CoreData.framework; path = System/Library/Frameworks/CoreData.framework; sourceTree = SDKROOT; };
		CBDD31A81768D39500E3F641 /* FoodDiary-Info.plist */ = {isa = PBXFileReference; lastKnownFileType = text.plist.xml; path = "FoodDiary-Info.plist"; sourceTree = "<group>"; };
		CBDD31AA1768D39500E3F641 /* en */ = {isa = PBXFileReference; lastKnownFileType = text.plist.strings; name = en; path = en.lproj/InfoPlist.strings; sourceTree = "<group>"; };
		CBDD31AC1768D39500E3F641 /* main.m */ = {isa = PBXFileReference; lastKnownFileType = sourcecode.c.objc; path = main.m; sourceTree = "<group>"; };
		CBDD31AE1768D39500E3F641 /* FoodDiary-Prefix.pch */ = {isa = PBXFileReference; lastKnownFileType = sourcecode.c.h; path = "FoodDiary-Prefix.pch"; sourceTree = "<group>"; };
		CBDD31AF1768D39500E3F641 /* FDAppDelegate.h */ = {isa = PBXFileReference; lastKnownFileType = sourcecode.c.h; path = FDAppDelegate.h; sourceTree = "<group>"; };
		CBDD31B01768D39500E3F641 /* FDAppDelegate.m */ = {isa = PBXFileReference; lastKnownFileType = sourcecode.c.objc; path = FDAppDelegate.m; sourceTree = "<group>"; };
		CBDD31B91768D39500E3F641 /* FoodDiary.xcdatamodel */ = {isa = PBXFileReference; lastKnownFileType = wrapper.xcdatamodel; path = FoodDiary.xcdatamodel; sourceTree = "<group>"; };
		CBDD31C01768D3E200E3F641 /* FDiPhone.storyboard */ = {isa = PBXFileReference; fileEncoding = 4; lastKnownFileType = file.storyboard; path = FDiPhone.storyboard; sourceTree = "<group>"; };
		CBDD31CA1768E58100E3F641 /* FoodDiaryViewController.h */ = {isa = PBXFileReference; fileEncoding = 4; lastKnownFileType = sourcecode.c.h; path = FoodDiaryViewController.h; sourceTree = SOURCE_ROOT; };
		CBDD31CB1768E58100E3F641 /* FoodDiaryViewController.m */ = {isa = PBXFileReference; fileEncoding = 4; lastKnownFileType = sourcecode.c.objc; path = FoodDiaryViewController.m; sourceTree = SOURCE_ROOT; };
		CBDD31E217691EB600E3F641 /* FoodDiaryTabIcon.png */ = {isa = PBXFileReference; lastKnownFileType = image.png; path = FoodDiaryTabIcon.png; sourceTree = "<group>"; };
		CBDD31E317691EB600E3F641 /* FoodDiaryTabIcon@2x.png */ = {isa = PBXFileReference; lastKnownFileType = image.png; path = "FoodDiaryTabIcon@2x.png"; sourceTree = "<group>"; };
		CBDD31E617691F5900E3F641 /* iosBackground.jpg */ = {isa = PBXFileReference; lastKnownFileType = image.jpeg; path = iosBackground.jpg; sourceTree = "<group>"; };
		CBDD31E81769227700E3F641 /* RecipesTabIcon.png */ = {isa = PBXFileReference; lastKnownFileType = image.png; path = RecipesTabIcon.png; sourceTree = "<group>"; };
		CBDD31E91769227700E3F641 /* RecipesTabIcon@2x.png */ = {isa = PBXFileReference; lastKnownFileType = image.png; path = "RecipesTabIcon@2x.png"; sourceTree = "<group>"; };
		CBDD31EC176924BE00E3F641 /* ShoppingListTabIcon.png */ = {isa = PBXFileReference; lastKnownFileType = image.png; path = ShoppingListTabIcon.png; sourceTree = "<group>"; };
		CBDD31EE1769252C00E3F641 /* ShoppingListTabIcon@2x.png */ = {isa = PBXFileReference; lastKnownFileType = image.png; path = "ShoppingListTabIcon@2x.png"; sourceTree = "<group>"; };
		CBDD31F01769291A00E3F641 /* ProfileTabIcon.png */ = {isa = PBXFileReference; lastKnownFileType = image.png; path = ProfileTabIcon.png; sourceTree = "<group>"; };
		CBDD31F11769291A00E3F641 /* ProfileTabIcon@2x.png */ = {isa = PBXFileReference; lastKnownFileType = image.png; path = "ProfileTabIcon@2x.png"; sourceTree = "<group>"; };
		CBDD31F817692B5200E3F641 /* SettingsTabIcon.png */ = {isa = PBXFileReference; lastKnownFileType = image.png; path = SettingsTabIcon.png; sourceTree = "<group>"; };
		CBDD31F917692B5200E3F641 /* SettingsTabIcon@2x.png */ = {isa = PBXFileReference; lastKnownFileType = image.png; path = "SettingsTabIcon@2x.png"; sourceTree = "<group>"; };
		CBDD31FC17692D4500E3F641 /* iPhoneIcon_Small.png */ = {isa = PBXFileReference; lastKnownFileType = image.png; path = iPhoneIcon_Small.png; sourceTree = "<group>"; };
		CBDD31FE17692D7500E3F641 /* iPhoneIcon_Big.png */ = {isa = PBXFileReference; lastKnownFileType = image.png; path = iPhoneIcon_Big.png; sourceTree = "<group>"; };
		CBDD320017692FD500E3F641 /* ShoppingListsViewController.h */ = {isa = PBXFileReference; fileEncoding = 4; lastKnownFileType = sourcecode.c.h; path = ShoppingListsViewController.h; sourceTree = "<group>"; };
		CBDD320117692FD500E3F641 /* ShoppingListsViewController.m */ = {isa = PBXFileReference; fileEncoding = 4; lastKnownFileType = sourcecode.c.objc; path = ShoppingListsViewController.m; sourceTree = "<group>"; };
		CBDD32031769300000E3F641 /* NewShoppingListViewController.h */ = {isa = PBXFileReference; fileEncoding = 4; lastKnownFileType = sourcecode.c.h; path = NewShoppingListViewController.h; sourceTree = "<group>"; };
		CBDD32041769300000E3F641 /* NewShoppingListViewController.m */ = {isa = PBXFileReference; fileEncoding = 4; lastKnownFileType = sourcecode.c.objc; path = NewShoppingListViewController.m; sourceTree = "<group>"; };
		CBDD400D176CD4FE00444E51 /* AddFoodViewController.h */ = {isa = PBXFileReference; fileEncoding = 4; lastKnownFileType = sourcecode.c.h; name = AddFoodViewController.h; path = ../AddFoodViewController.h; sourceTree = "<group>"; };
		CBDD400E176CD4FE00444E51 /* AddFoodViewController.m */ = {isa = PBXFileReference; fileEncoding = 4; lastKnownFileType = sourcecode.c.objc; name = AddFoodViewController.m; path = ../AddFoodViewController.m; sourceTree = "<group>"; };
		CBDD4013176CE1C700444E51 /* DetailFoodBeforeSelectionViewController.h */ = {isa = PBXFileReference; fileEncoding = 4; lastKnownFileType = sourcecode.c.h; path = DetailFoodBeforeSelectionViewController.h; sourceTree = "<group>"; };
		CBDD4014176CE1C700444E51 /* DetailFoodBeforeSelectionViewController.m */ = {isa = PBXFileReference; fileEncoding = 4; lastKnownFileType = sourcecode.c.objc; path = DetailFoodBeforeSelectionViewController.m; sourceTree = "<group>"; };
/* End PBXFileReference section */

/* Begin PBXFrameworksBuildPhase section */
		CBDD31981768D39500E3F641 /* Frameworks */ = {
			isa = PBXFrameworksBuildPhase;
			buildActionMask = 2147483647;
			files = (
				CB7BFFF8176C13210092F645 /* QuartzCore.framework in Frameworks */,
				CBBE6BCB176967C6005C8CD7 /* EventKit.framework in Frameworks */,
				CBBE6BCC176967C6005C8CD7 /* EventKitUI.framework in Frameworks */,
				CBDD319F1768D39500E3F641 /* UIKit.framework in Frameworks */,
				CBDD31A11768D39500E3F641 /* Foundation.framework in Frameworks */,
				CBDD31A31768D39500E3F641 /* CoreGraphics.framework in Frameworks */,
				CBDD31A51768D39500E3F641 /* CoreData.framework in Frameworks */,
			);
			runOnlyForDeploymentPostprocessing = 0;
		};
/* End PBXFrameworksBuildPhase section */

/* Begin PBXGroup section */
		CB74DBC317714B770018A0A1 /* Pickers */ = {
			isa = PBXGroup;
			children = (
				CB74DBD717714B800018A0A1 /* ActionSheetPicker.h */,
				CB74DBC417714B770018A0A1 /* AbstractActionSheetPicker.h */,
				CB74DBC517714B770018A0A1 /* AbstractActionSheetPicker.m */,
				CB74DBC617714B770018A0A1 /* ActionSheetCustomPicker.h */,
				CB74DBC717714B770018A0A1 /* ActionSheetCustomPicker.m */,
				CB74DBC817714B770018A0A1 /* ActionSheetCustomPickerDelegate.h */,
				CB74DBC917714B770018A0A1 /* ActionSheetDatePicker.h */,
				CB74DBCA17714B770018A0A1 /* ActionSheetDatePicker.m */,
				CB74DBCB17714B770018A0A1 /* ActionSheetDistancePicker.h */,
				CB74DBCC17714B770018A0A1 /* ActionSheetDistancePicker.m */,
				CB74DBCD17714B770018A0A1 /* ActionSheetStringPicker.h */,
				CB74DBCE17714B770018A0A1 /* ActionSheetStringPicker.m */,
				CB74DBCF17714B770018A0A1 /* DistancePickerView.h */,
				CB74DBD017714B770018A0A1 /* DistancePickerView.m */,
			);
			path = Pickers;
			sourceTree = "<group>";
		};
		CB7BFFDA176BACB40092F645 /* FatSecret */ = {
			isa = PBXGroup;
			children = (
				CB7BFFDB176BACB40092F645 /* FSClient.h */,
				CB7BFFDC176BACB40092F645 /* FSClient.m */,
				CB7BFFDD176BACB40092F645 /* FSFood.h */,
				CB7BFFDE176BACB40092F645 /* FSFood.m */,
				CB7BFFDF176BACB40092F645 /* FSServing.h */,
				CB7BFFE0176BACB40092F645 /* FSServing.m */,
				CB7BFFE1176BACB40092F645 /* NSData+Base64.h */,
				CB7BFFE2176BACB40092F645 /* NSData+Base64.m */,
				CB7BFFE3176BACB40092F645 /* NSString+Camelize.h */,
				CB7BFFE4176BACB40092F645 /* NSString+Camelize.m */,
				CB7BFFE5176BACB40092F645 /* OAuth+Additions.h */,
				CB7BFFE6176BACB40092F645 /* OAuth+Additions.m */,
				CB7BFFE7176BACB40092F645 /* OAuthCore.h */,
				CB7BFFE8176BACB40092F645 /* OAuthCore.m */,
			);
			path = FatSecret;
			sourceTree = "<group>";
		};
		CB7BFFF0176BAD0E0092F645 /* SVHTTPRequest */ = {
			isa = PBXGroup;
			children = (
				CB7BFFF1176BAD0E0092F645 /* SVHTTPClient.h */,
				CB7BFFF2176BAD0E0092F645 /* SVHTTPClient.m */,
				CB7BFFF3176BAD0E0092F645 /* SVHTTPRequest.h */,
				CB7BFFF4176BAD0E0092F645 /* SVHTTPRequest.m */,
			);
			path = SVHTTPRequest;
			sourceTree = "<group>";
		};
		CB7EBBBE17792F120022F1EE /* ProfileInformation */ = {
			isa = PBXGroup;
			children = (
				CBD6DB42178357EA0028C768 /* Cell SubClasses */,
				CB9D0E51177DF35400152108 /* ProfileViewController.h */,
				CB9D0E52177DF35400152108 /* ProfileViewController.m */,
				CBD6DB43178358100028C768 /* UnitSelectionViewController.h */,
				CBD6DB44178358100028C768 /* UnitSelectionViewController.m */,
			);
			name = ProfileInformation;
			sourceTree = "<group>";
		};
		CB84002B17737BBC00798344 /* Entities */ = {
			isa = PBXGroup;
			children = (
				CB84002C1773B2AD00798344 /* MyFood.h */,
				CB84002D1773B2AE00798344 /* MyFood.m */,
				CB84002817737BB400798344 /* MyMeal.h */,
				CB84002917737BB400798344 /* MyMeal.m */,
				CB84002517737BB400798344 /* MyServing.h */,
				CB84002617737BB400798344 /* MyServing.m */,
			);
			name = Entities;
			sourceTree = "<group>";
		};
		CBBE6BCD17696905005C8CD7 /* ShoppingListClasses */ = {
			isa = PBXGroup;
			children = (
				CBDD320017692FD500E3F641 /* ShoppingListsViewController.h */,
				CBDD320117692FD500E3F641 /* ShoppingListsViewController.m */,
				CBDD32031769300000E3F641 /* NewShoppingListViewController.h */,
				CBDD32041769300000E3F641 /* NewShoppingListViewController.m */,
			);
			name = ShoppingListClasses;
			sourceTree = "<group>";
		};
		CBBE6BCE1769691B005C8CD7 /* FoodDiaryClasses */ = {
			isa = PBXGroup;
			children = (
				CB7ADA95176F81FB00B0178C /* MealSelectionViewController.h */,
				CB7ADA96176F81FB00B0178C /* MealSelectionViewController.m */,
				CBDD4013176CE1C700444E51 /* DetailFoodBeforeSelectionViewController.h */,
				CBDD4014176CE1C700444E51 /* DetailFoodBeforeSelectionViewController.m */,
				CBDD400D176CD4FE00444E51 /* AddFoodViewController.h */,
				CBDD400E176CD4FE00444E51 /* AddFoodViewController.m */,
				CBDD31CA1768E58100E3F641 /* FoodDiaryViewController.h */,
				CBDD31CB1768E58100E3F641 /* FoodDiaryViewController.m */,
			);
			name = FoodDiaryClasses;
			sourceTree = "<group>";
		};
		CBBE6BD51769698C005C8CD7 /* RecipeClasses */ = {
			isa = PBXGroup;
			children = (
				CBBE6BCF17696964005C8CD7 /* RecipeTableViewController.h */,
				CBBE6BD017696964005C8CD7 /* RecipeTableViewController.m */,
				CBBE6BD217696977005C8CD7 /* NewRecipeViewController.h */,
				CBBE6BD317696977005C8CD7 /* NewRecipeViewController.m */,
			);
			name = RecipeClasses;
			sourceTree = "<group>";
		};
		CBD6DB42178357EA0028C768 /* Cell SubClasses */ = {
			isa = PBXGroup;
			children = (
				CBD6DB3F178252690028C768 /* ProfileHeightCell.h */,
				CBD6DB40178252690028C768 /* ProfileHeightCell.m */,
				CB9D0E54177DF45300152108 /* ProfileNameCell.h */,
				CB9D0E55177DF45300152108 /* ProfileNameCell.m */,
				CB9D0E57177E0B7600152108 /* NonEditableNameCell.h */,
				CB9D0E58177E0B7600152108 /* NonEditableNameCell.m */,
				CB9D0E5A177E100800152108 /* ProfileAgeCell.h */,
				CB9D0E5B177E100800152108 /* ProfileAgeCell.m */,
				CB9D0E5D177E16EC00152108 /* NonEditableAgeCell.h */,
				CB9D0E5E177E16EC00152108 /* NonEditableAgeCell.m */,
				CB83D578178B763B000A3FFA /* ProfileWeightCell.h */,
				CB83D579178B763B000A3FFA /* ProfileWeightCell.m */,
			);
			name = "Cell SubClasses";
			sourceTree = "<group>";
		};
		CBDD31921768D39500E3F641 = {
			isa = PBXGroup;
			children = (
				CB74DBC317714B770018A0A1 /* Pickers */,
				CB7BFFF7176C13210092F645 /* QuartzCore.framework */,
				CB7BFFF0176BAD0E0092F645 /* SVHTTPRequest */,
				CB7BFFDA176BACB40092F645 /* FatSecret */,
				CBBE6BC9176967C6005C8CD7 /* EventKit.framework */,
				CBBE6BCA176967C6005C8CD7 /* EventKitUI.framework */,
				CBDD31FE17692D7500E3F641 /* iPhoneIcon_Big.png */,
				CBDD31FC17692D4500E3F641 /* iPhoneIcon_Small.png */,
				CBDD31A61768D39500E3F641 /* FoodDiary */,
				CBDD319D1768D39500E3F641 /* Frameworks */,
				CBDD319C1768D39500E3F641 /* Products */,
			);
			sourceTree = "<group>";
		};
		CBDD319C1768D39500E3F641 /* Products */ = {
			isa = PBXGroup;
			children = (
				CBDD319B1768D39500E3F641 /* FoodDiary.app */,
			);
			name = Products;
			sourceTree = "<group>";
		};
		CBDD319D1768D39500E3F641 /* Frameworks */ = {
			isa = PBXGroup;
			children = (
				CBDD319E1768D39500E3F641 /* UIKit.framework */,
				CBDD31A01768D39500E3F641 /* Foundation.framework */,
				CBDD31A21768D39500E3F641 /* CoreGraphics.framework */,
				CBDD31A41768D39500E3F641 /* CoreData.framework */,
			);
			name = Frameworks;
			sourceTree = "<group>";
		};
		CBDD31A61768D39500E3F641 /* FoodDiary */ = {
			isa = PBXGroup;
			children = (
				CB84002B17737BBC00798344 /* Entities */,
				CBDD31C01768D3E200E3F641 /* FDiPhone.storyboard */,
				CBDD31AF1768D39500E3F641 /* FDAppDelegate.h */,
				CBDD31B01768D39500E3F641 /* FDAppDelegate.m */,
				CB7EBBBE17792F120022F1EE /* ProfileInformation */,
				CBBE6BCE1769691B005C8CD7 /* FoodDiaryClasses */,
				CBBE6BD51769698C005C8CD7 /* RecipeClasses */,
				CBBE6BCD17696905005C8CD7 /* ShoppingListClasses */,
				CBDD31B81768D39500E3F641 /* FoodDiary.xcdatamodeld */,
				CBDD31A71768D39500E3F641 /* Supporting Files */,
			);
			path = FoodDiary;
			sourceTree = "<group>";
		};
		CBDD31A71768D39500E3F641 /* Supporting Files */ = {
			isa = PBXGroup;
			children = (
				CBDD31D3176909AE00E3F641 /* Images */,
				CBDD31A81768D39500E3F641 /* FoodDiary-Info.plist */,
				CBDD31A91768D39500E3F641 /* InfoPlist.strings */,
				CBDD31AC1768D39500E3F641 /* main.m */,
				CBDD31AE1768D39500E3F641 /* FoodDiary-Prefix.pch */,
			);
			name = "Supporting Files";
			sourceTree = "<group>";
		};
		CBDD31D3176909AE00E3F641 /* Images */ = {
			isa = PBXGroup;
			children = (
				CB7EBBBC1778E8D50022F1EE /* leftArrow.png */,
				CB7EBBBA1778CE2B0022F1EE /* parchmentTexture.jpg */,
				CBDD31F817692B5200E3F641 /* SettingsTabIcon.png */,
				CBDD31F917692B5200E3F641 /* SettingsTabIcon@2x.png */,
				CBDD31EE1769252C00E3F641 /* ShoppingListTabIcon@2x.png */,
				CBDD31F01769291A00E3F641 /* ProfileTabIcon.png */,
				CBDD31F11769291A00E3F641 /* ProfileTabIcon@2x.png */,
				CBDD31EC176924BE00E3F641 /* ShoppingListTabIcon.png */,
				CBDD31E81769227700E3F641 /* RecipesTabIcon.png */,
				CBDD31E91769227700E3F641 /* RecipesTabIcon@2x.png */,
				CBDD31E617691F5900E3F641 /* iosBackground.jpg */,
				CBDD31E217691EB600E3F641 /* FoodDiaryTabIcon.png */,
				CBDD31E317691EB600E3F641 /* FoodDiaryTabIcon@2x.png */,
			);
			name = Images;
			sourceTree = "<group>";
		};
/* End PBXGroup section */

/* Begin PBXNativeTarget section */
		CBDD319A1768D39500E3F641 /* FoodDiary */ = {
			isa = PBXNativeTarget;
			buildConfigurationList = CBDD31BD1768D39500E3F641 /* Build configuration list for PBXNativeTarget "FoodDiary" */;
			buildPhases = (
				CBDD31971768D39500E3F641 /* Sources */,
				CBDD31981768D39500E3F641 /* Frameworks */,
				CBDD31991768D39500E3F641 /* Resources */,
			);
			buildRules = (
			);
			dependencies = (
			);
			name = FoodDiary;
			productName = FoodDiary;
			productReference = CBDD319B1768D39500E3F641 /* FoodDiary.app */;
			productType = "com.apple.product-type.application";
		};
/* End PBXNativeTarget section */

/* Begin PBXProject section */
		CBDD31931768D39500E3F641 /* Project object */ = {
			isa = PBXProject;
			attributes = {
				CLASSPREFIX = FD;
				LastUpgradeCheck = 0460;
				ORGANIZATIONNAME = "James Hicklin";
			};
			buildConfigurationList = CBDD31961768D39500E3F641 /* Build configuration list for PBXProject "FoodDiary" */;
			compatibilityVersion = "Xcode 3.2";
			developmentRegion = English;
			hasScannedForEncodings = 0;
			knownRegions = (
				en,
			);
			mainGroup = CBDD31921768D39500E3F641;
			productRefGroup = CBDD319C1768D39500E3F641 /* Products */;
			projectDirPath = "";
			projectRoot = "";
			targets = (
				CBDD319A1768D39500E3F641 /* FoodDiary */,
			);
		};
/* End PBXProject section */

/* Begin PBXResourcesBuildPhase section */
		CBDD31991768D39500E3F641 /* Resources */ = {
			isa = PBXResourcesBuildPhase;
			buildActionMask = 2147483647;
			files = (
				CBDD31AB1768D39500E3F641 /* InfoPlist.strings in Resources */,
				CBDD31C11768D3E200E3F641 /* FDiPhone.storyboard in Resources */,
				CBDD31E417691EB600E3F641 /* FoodDiaryTabIcon.png in Resources */,
				CBDD31E517691EB600E3F641 /* FoodDiaryTabIcon@2x.png in Resources */,
				CBDD31E717691F5900E3F641 /* iosBackground.jpg in Resources */,
				CBDD31EA1769227700E3F641 /* RecipesTabIcon.png in Resources */,
				CBDD31EB1769227700E3F641 /* RecipesTabIcon@2x.png in Resources */,
				CBDD31ED176924BE00E3F641 /* ShoppingListTabIcon.png in Resources */,
				CBDD31EF1769252C00E3F641 /* ShoppingListTabIcon@2x.png in Resources */,
				CBDD31F21769291A00E3F641 /* ProfileTabIcon.png in Resources */,
				CBDD31F31769291A00E3F641 /* ProfileTabIcon@2x.png in Resources */,
				CBDD31FA17692B5200E3F641 /* SettingsTabIcon.png in Resources */,
				CBDD31FB17692B5200E3F641 /* SettingsTabIcon@2x.png in Resources */,
				CBDD31FD17692D4500E3F641 /* iPhoneIcon_Small.png in Resources */,
				CBDD31FF17692D7500E3F641 /* iPhoneIcon_Big.png in Resources */,
				CB7EBBBB1778CE2B0022F1EE /* parchmentTexture.jpg in Resources */,
				CB7EBBBD1778E8D50022F1EE /* leftArrow.png in Resources */,
			);
			runOnlyForDeploymentPostprocessing = 0;
		};
/* End PBXResourcesBuildPhase section */

/* Begin PBXSourcesBuildPhase section */
		CBDD31971768D39500E3F641 /* Sources */ = {
			isa = PBXSourcesBuildPhase;
			buildActionMask = 2147483647;
			files = (
				CBDD31AD1768D39500E3F641 /* main.m in Sources */,
				CBDD31B11768D39500E3F641 /* FDAppDelegate.m in Sources */,
				CBDD31BA1768D39500E3F641 /* FoodDiary.xcdatamodeld in Sources */,
				CBDD31CC1768E58100E3F641 /* FoodDiaryViewController.m in Sources */,
				CBDD320217692FD500E3F641 /* ShoppingListsViewController.m in Sources */,
				CBDD32051769300000E3F641 /* NewShoppingListViewController.m in Sources */,
				CBBE6BD117696964005C8CD7 /* RecipeTableViewController.m in Sources */,
				CBBE6BD417696977005C8CD7 /* NewRecipeViewController.m in Sources */,
				CB7BFFE9176BACB40092F645 /* FSClient.m in Sources */,
				CB7BFFEA176BACB40092F645 /* FSFood.m in Sources */,
				CB7BFFEB176BACB40092F645 /* FSServing.m in Sources */,
				CB7BFFEC176BACB40092F645 /* NSData+Base64.m in Sources */,
				CB7BFFED176BACB40092F645 /* NSString+Camelize.m in Sources */,
				CB7BFFEE176BACB40092F645 /* OAuth+Additions.m in Sources */,
				CB7BFFEF176BACB40092F645 /* OAuthCore.m in Sources */,
				CB7BFFF5176BAD0E0092F645 /* SVHTTPClient.m in Sources */,
				CB7BFFF6176BAD0E0092F645 /* SVHTTPRequest.m in Sources */,
				CBDD400F176CD4FE00444E51 /* AddFoodViewController.m in Sources */,
				CBDD4015176CE1C700444E51 /* DetailFoodBeforeSelectionViewController.m in Sources */,
				CB7ADA97176F81FB00B0178C /* MealSelectionViewController.m in Sources */,
				CB74DBD117714B770018A0A1 /* AbstractActionSheetPicker.m in Sources */,
				CB74DBD217714B770018A0A1 /* ActionSheetCustomPicker.m in Sources */,
				CB74DBD317714B770018A0A1 /* ActionSheetDatePicker.m in Sources */,
				CB74DBD417714B770018A0A1 /* ActionSheetDistancePicker.m in Sources */,
				CB74DBD517714B770018A0A1 /* ActionSheetStringPicker.m in Sources */,
				CB74DBD617714B770018A0A1 /* DistancePickerView.m in Sources */,
				CB84002717737BB400798344 /* MyServing.m in Sources */,
				CB84002A17737BB400798344 /* MyMeal.m in Sources */,
				CB84002E1773B2AF00798344 /* MyFood.m in Sources */,
				CB9D0E53177DF35400152108 /* ProfileViewController.m in Sources */,
				CB9D0E56177DF45300152108 /* ProfileNameCell.m in Sources */,
				CB9D0E59177E0B7600152108 /* NonEditableNameCell.m in Sources */,
				CB9D0E5C177E100800152108 /* ProfileAgeCell.m in Sources */,
				CB9D0E5F177E16EC00152108 /* NonEditableAgeCell.m in Sources */,
				CBD6DB41178252690028C768 /* ProfileHeightCell.m in Sources */,
				CBD6DB45178358100028C768 /* UnitSelectionViewController.m in Sources */,
				CB83D57A178B763B000A3FFA /* ProfileWeightCell.m in Sources */,
			);
			runOnlyForDeploymentPostprocessing = 0;
		};
/* End PBXSourcesBuildPhase section */

/* Begin PBXVariantGroup section */
		CBDD31A91768D39500E3F641 /* InfoPlist.strings */ = {
			isa = PBXVariantGroup;
			children = (
				CBDD31AA1768D39500E3F641 /* en */,
			);
			name = InfoPlist.strings;
			sourceTree = "<group>";
		};
/* End PBXVariantGroup section */

/* Begin XCBuildConfiguration section */
		CBDD31BB1768D39500E3F641 /* Debug */ = {
			isa = XCBuildConfiguration;
			buildSettings = {
				ALWAYS_SEARCH_USER_PATHS = NO;
				CLANG_CXX_LANGUAGE_STANDARD = "gnu++0x";
				CLANG_CXX_LIBRARY = "libc++";
				CLANG_ENABLE_OBJC_ARC = YES;
				CLANG_WARN_CONSTANT_CONVERSION = YES;
				CLANG_WARN_EMPTY_BODY = YES;
				CLANG_WARN_ENUM_CONVERSION = YES;
				CLANG_WARN_INT_CONVERSION = YES;
				CLANG_WARN__DUPLICATE_METHOD_MATCH = YES;
				"CODE_SIGN_IDENTITY[sdk=iphoneos*]" = "iPhone Developer";
				COPY_PHASE_STRIP = NO;
				GCC_C_LANGUAGE_STANDARD = gnu99;
				GCC_DYNAMIC_NO_PIC = NO;
				GCC_OPTIMIZATION_LEVEL = 0;
				GCC_PREPROCESSOR_DEFINITIONS = (
					"DEBUG=1",
					"$(inherited)",
				);
				GCC_SYMBOLS_PRIVATE_EXTERN = NO;
				GCC_WARN_ABOUT_RETURN_TYPE = YES;
				GCC_WARN_UNINITIALIZED_AUTOS = YES;
				GCC_WARN_UNUSED_VARIABLE = YES;
				IPHONEOS_DEPLOYMENT_TARGET = 6.1;
				ONLY_ACTIVE_ARCH = YES;
				SDKROOT = iphoneos;
				TARGETED_DEVICE_FAMILY = "1,2";
			};
			name = Debug;
		};
		CBDD31BC1768D39500E3F641 /* Release */ = {
			isa = XCBuildConfiguration;
			buildSettings = {
				ALWAYS_SEARCH_USER_PATHS = NO;
				CLANG_CXX_LANGUAGE_STANDARD = "gnu++0x";
				CLANG_CXX_LIBRARY = "libc++";
				CLANG_ENABLE_OBJC_ARC = YES;
				CLANG_WARN_CONSTANT_CONVERSION = YES;
				CLANG_WARN_EMPTY_BODY = YES;
				CLANG_WARN_ENUM_CONVERSION = YES;
				CLANG_WARN_INT_CONVERSION = YES;
				CLANG_WARN__DUPLICATE_METHOD_MATCH = YES;
				"CODE_SIGN_IDENTITY[sdk=iphoneos*]" = "iPhone Developer";
				COPY_PHASE_STRIP = YES;
				GCC_C_LANGUAGE_STANDARD = gnu99;
				GCC_WARN_ABOUT_RETURN_TYPE = YES;
				GCC_WARN_UNINITIALIZED_AUTOS = YES;
				GCC_WARN_UNUSED_VARIABLE = YES;
				IPHONEOS_DEPLOYMENT_TARGET = 6.1;
				OTHER_CFLAGS = "-DNS_BLOCK_ASSERTIONS=1";
				SDKROOT = iphoneos;
				TARGETED_DEVICE_FAMILY = "1,2";
				VALIDATE_PRODUCT = YES;
			};
			name = Release;
		};
		CBDD31BE1768D39500E3F641 /* Debug */ = {
			isa = XCBuildConfiguration;
			buildSettings = {
				GCC_PRECOMPILE_PREFIX_HEADER = YES;
				GCC_PREFIX_HEADER = "FoodDiary/FoodDiary-Prefix.pch";
				INFOPLIST_FILE = "FoodDiary/FoodDiary-Info.plist";
				PRODUCT_NAME = "$(TARGET_NAME)";
				WRAPPER_EXTENSION = app;
			};
			name = Debug;
		};
		CBDD31BF1768D39500E3F641 /* Release */ = {
			isa = XCBuildConfiguration;
			buildSettings = {
				GCC_PRECOMPILE_PREFIX_HEADER = YES;
				GCC_PREFIX_HEADER = "FoodDiary/FoodDiary-Prefix.pch";
				INFOPLIST_FILE = "FoodDiary/FoodDiary-Info.plist";
				PRODUCT_NAME = "$(TARGET_NAME)";
				WRAPPER_EXTENSION = app;
			};
			name = Release;
		};
/* End XCBuildConfiguration section */

/* Begin XCConfigurationList section */
		CBDD31961768D39500E3F641 /* Build configuration list for PBXProject "FoodDiary" */ = {
			isa = XCConfigurationList;
			buildConfigurations = (
				CBDD31BB1768D39500E3F641 /* Debug */,
				CBDD31BC1768D39500E3F641 /* Release */,
			);
			defaultConfigurationIsVisible = 0;
			defaultConfigurationName = Release;
		};
		CBDD31BD1768D39500E3F641 /* Build configuration list for PBXNativeTarget "FoodDiary" */ = {
			isa = XCConfigurationList;
			buildConfigurations = (
				CBDD31BE1768D39500E3F641 /* Debug */,
				CBDD31BF1768D39500E3F641 /* Release */,
			);
			defaultConfigurationIsVisible = 0;
			defaultConfigurationName = Release;
		};
/* End XCConfigurationList section */

/* Begin XCVersionGroup section */
		CBDD31B81768D39500E3F641 /* FoodDiary.xcdatamodeld */ = {
			isa = XCVersionGroup;
			children = (
				CBDD31B91768D39500E3F641 /* FoodDiary.xcdatamodel */,
			);
			currentVersion = CBDD31B91768D39500E3F641 /* FoodDiary.xcdatamodel */;
			path = FoodDiary.xcdatamodeld;
			sourceTree = "<group>";
			versionGroupType = wrapper.xcdatamodel;
		};
/* End XCVersionGroup section */
	};
	rootObject = CBDD31931768D39500E3F641 /* Project object */;
}
